// !$*UTF8*$!
{
	archiveVersion = 1;
	classes = {
	};
	objectVersion = 48;
	objects = {

/* Begin PBXBuildFile section */
		BE0B76CC1FAA4A75003F3B5D /* logo2.png in Resources */ = {isa = PBXBuildFile; fileRef = BE0B76CB1FAA4A75003F3B5D /* logo2.png */; };
		BE2EE32D1FA2D80000285DBC /* MichiganTaxe.swift in Sources */ = {isa = PBXBuildFile; fileRef = BE2EE32C1FA2D80000285DBC /* MichiganTaxe.swift */; };
		BE2EE32F1FA2DB8100285DBC /* Singleton.swift in Sources */ = {isa = PBXBuildFile; fileRef = BE2EE32E1FA2DB8100285DBC /* Singleton.swift */; };
		BE32E3C91FA1737A003FE2EE /* AppDelegate.swift in Sources */ = {isa = PBXBuildFile; fileRef = BE32E3C81FA1737A003FE2EE /* AppDelegate.swift */; };
		BE32E3CB1FA1737A003FE2EE /* ViewController.swift in Sources */ = {isa = PBXBuildFile; fileRef = BE32E3CA1FA1737A003FE2EE /* ViewController.swift */; };
		BE32E3CE1FA1737A003FE2EE /* Main.storyboard in Resources */ = {isa = PBXBuildFile; fileRef = BE32E3CC1FA1737A003FE2EE /* Main.storyboard */; };
		BE32E3D01FA1737A003FE2EE /* Assets.xcassets in Resources */ = {isa = PBXBuildFile; fileRef = BE32E3CF1FA1737A003FE2EE /* Assets.xcassets */; };
		BE32E3D31FA1737A003FE2EE /* LaunchScreen.storyboard in Resources */ = {isa = PBXBuildFile; fileRef = BE32E3D11FA1737A003FE2EE /* LaunchScreen.storyboard */; };
		BE32E3E11FA1743B003FE2EE /* back-icon.png in Resources */ = {isa = PBXBuildFile; fileRef = BE32E3DB1FA1743B003FE2EE /* back-icon.png */; };
		BE32E3E21FA1743B003FE2EE /* trash-icon.png in Resources */ = {isa = PBXBuildFile; fileRef = BE32E3DC1FA1743B003FE2EE /* trash-icon.png */; };
		BE32E3E31FA1743B003FE2EE /* background.png in Resources */ = {isa = PBXBuildFile; fileRef = BE32E3DD1FA1743B003FE2EE /* background.png */; };
		BE32E3E41FA1743B003FE2EE /* logo.png in Resources */ = {isa = PBXBuildFile; fileRef = BE32E3DE1FA1743B003FE2EE /* logo.png */; };
		BE32E3E51FA1743B003FE2EE /* launch.png in Resources */ = {isa = PBXBuildFile; fileRef = BE32E3DF1FA1743B003FE2EE /* launch.png */; };
		BE32E3E61FA1743B003FE2EE /* menu-icon.png in Resources */ = {isa = PBXBuildFile; fileRef = BE32E3E01FA1743B003FE2EE /* menu-icon.png */; };
		BE32E3E81FA1989B003FE2EE /* TableController.swift in Sources */ = {isa = PBXBuildFile; fileRef = BE32E3E71FA1989B003FE2EE /* TableController.swift */; };
/* End PBXBuildFile section */

/* Begin PBXFileReference section */
		BE0B76CB1FAA4A75003F3B5D /* logo2.png */ = {isa = PBXFileReference; lastKnownFileType = image.png; path = logo2.png; sourceTree = "<group>"; };
		BE2EE32C1FA2D80000285DBC /* MichiganTaxe.swift */ = {isa = PBXFileReference; lastKnownFileType = sourcecode.swift; path = MichiganTaxe.swift; sourceTree = "<group>"; };
		BE2EE32E1FA2DB8100285DBC /* Singleton.swift */ = {isa = PBXFileReference; lastKnownFileType = sourcecode.swift; path = Singleton.swift; sourceTree = "<group>"; };
		BE32E3C51FA1737A003FE2EE /* add-up-meijer.app */ = {isa = PBXFileReference; explicitFileType = wrapper.application; includeInIndex = 0; path = "add-up-meijer.app"; sourceTree = BUILT_PRODUCTS_DIR; };
		BE32E3C81FA1737A003FE2EE /* AppDelegate.swift */ = {isa = PBXFileReference; lastKnownFileType = sourcecode.swift; path = AppDelegate.swift; sourceTree = "<group>"; };
		BE32E3CA1FA1737A003FE2EE /* ViewController.swift */ = {isa = PBXFileReference; lastKnownFileType = sourcecode.swift; path = ViewController.swift; sourceTree = "<group>"; };
		BE32E3CD1FA1737A003FE2EE /* Base */ = {isa = PBXFileReference; lastKnownFileType = file.storyboard; name = Base; path = Base.lproj/Main.storyboard; sourceTree = "<group>"; };
		BE32E3CF1FA1737A003FE2EE /* Assets.xcassets */ = {isa = PBXFileReference; lastKnownFileType = folder.assetcatalog; path = Assets.xcassets; sourceTree = "<group>"; };
		BE32E3D21FA1737A003FE2EE /* Base */ = {isa = PBXFileReference; lastKnownFileType = file.storyboard; name = Base; path = Base.lproj/LaunchScreen.storyboard; sourceTree = "<group>"; };
		BE32E3D41FA1737A003FE2EE /* Info.plist */ = {isa = PBXFileReference; lastKnownFileType = text.plist.xml; path = Info.plist; sourceTree = "<group>"; };
		BE32E3DB1FA1743B003FE2EE /* back-icon.png */ = {isa = PBXFileReference; lastKnownFileType = image.png; path = "back-icon.png"; sourceTree = "<group>"; };
		BE32E3DC1FA1743B003FE2EE /* trash-icon.png */ = {isa = PBXFileReference; lastKnownFileType = image.png; path = "trash-icon.png"; sourceTree = "<group>"; };
		BE32E3DD1FA1743B003FE2EE /* background.png */ = {isa = PBXFileReference; lastKnownFileType = image.png; path = background.png; sourceTree = "<group>"; };
		BE32E3DE1FA1743B003FE2EE /* logo.png */ = {isa = PBXFileReference; lastKnownFileType = image.png; path = logo.png; sourceTree = "<group>"; };
		BE32E3DF1FA1743B003FE2EE /* launch.png */ = {isa = PBXFileReference; lastKnownFileType = image.png; path = launch.png; sourceTree = "<group>"; };
		BE32E3E01FA1743B003FE2EE /* menu-icon.png */ = {isa = PBXFileReference; lastKnownFileType = image.png; path = "menu-icon.png"; sourceTree = "<group>"; };
		BE32E3E71FA1989B003FE2EE /* TableController.swift */ = {isa = PBXFileReference; lastKnownFileType = sourcecode.swift; path = TableController.swift; sourceTree = "<group>"; };
/* End PBXFileReference section */

/* Begin PBXFrameworksBuildPhase section */
		BE32E3C21FA1737A003FE2EE /* Frameworks */ = {
			isa = PBXFrameworksBuildPhase;
			buildActionMask = 2147483647;
			files = (
			);
			runOnlyForDeploymentPostprocessing = 0;
		};
/* End PBXFrameworksBuildPhase section */

/* Begin PBXGroup section */
		BE32E3BC1FA1737A003FE2EE = {
			isa = PBXGroup;
			children = (
				BE32E3C71FA1737A003FE2EE /* add-up-meijer */,
				BE32E3C61FA1737A003FE2EE /* Products */,
			);
			sourceTree = "<group>";
		};
		BE32E3C61FA1737A003FE2EE /* Products */ = {
			isa = PBXGroup;
			children = (
				BE32E3C51FA1737A003FE2EE /* add-up-meijer.app */,
			);
			name = Products;
			sourceTree = "<group>";
		};
		BE32E3C71FA1737A003FE2EE /* add-up-meijer */ = {
			isa = PBXGroup;
			children = (
				BE32E3DA1FA173CD003FE2EE /* images */,
				BE32E3C81FA1737A003FE2EE /* AppDelegate.swift */,
				BE32E3CA1FA1737A003FE2EE /* ViewController.swift */,
				BE32E3E71FA1989B003FE2EE /* TableController.swift */,
				BE2EE32C1FA2D80000285DBC /* MichiganTaxe.swift */,
				BE2EE32E1FA2DB8100285DBC /* Singleton.swift */,
				BE32E3CC1FA1737A003FE2EE /* Main.storyboard */,
				BE32E3CF1FA1737A003FE2EE /* Assets.xcassets */,
				BE32E3D11FA1737A003FE2EE /* LaunchScreen.storyboard */,
				BE32E3D41FA1737A003FE2EE /* Info.plist */,
			);
			path = "add-up-meijer";
			sourceTree = "<group>";
		};
		BE32E3DA1FA173CD003FE2EE /* images */ = {
			isa = PBXGroup;
			children = (
				BE0B76CB1FAA4A75003F3B5D /* logo2.png */,
				BE32E3DB1FA1743B003FE2EE /* back-icon.png */,
				BE32E3DD1FA1743B003FE2EE /* background.png */,
				BE32E3DF1FA1743B003FE2EE /* launch.png */,
				BE32E3DE1FA1743B003FE2EE /* logo.png */,
				BE32E3E01FA1743B003FE2EE /* menu-icon.png */,
				BE32E3DC1FA1743B003FE2EE /* trash-icon.png */,
			);
			path = images;
			sourceTree = "<group>";
		};
/* End PBXGroup section */

/* Begin PBXNativeTarget section */
		BE32E3C41FA1737A003FE2EE /* add-up-meijer */ = {
			isa = PBXNativeTarget;
			buildConfigurationList = BE32E3D71FA1737A003FE2EE /* Build configuration list for PBXNativeTarget "add-up-meijer" */;
			buildPhases = (
				BE32E3C11FA1737A003FE2EE /* Sources */,
				BE32E3C21FA1737A003FE2EE /* Frameworks */,
				BE32E3C31FA1737A003FE2EE /* Resources */,
			);
			buildRules = (
			);
			dependencies = (
			);
			name = "add-up-meijer";
			productName = "add-up-meijer";
			productReference = BE32E3C51FA1737A003FE2EE /* add-up-meijer.app */;
			productType = "com.apple.product-type.application";
		};
/* End PBXNativeTarget section */

/* Begin PBXProject section */
		BE32E3BD1FA1737A003FE2EE /* Project object */ = {
			isa = PBXProject;
			attributes = {
				LastSwiftUpdateCheck = 0900;
				LastUpgradeCheck = 0900;
				ORGANIZATIONNAME = "Henrique Nascimento";
				TargetAttributes = {
					BE32E3C41FA1737A003FE2EE = {
						CreatedOnToolsVersion = 9.0.1;
						ProvisioningStyle = Automatic;
					};
				};
			};
			buildConfigurationList = BE32E3C01FA1737A003FE2EE /* Build configuration list for PBXProject "add-up-meijer" */;
			compatibilityVersion = "Xcode 8.0";
			developmentRegion = en;
			hasScannedForEncodings = 0;
			knownRegions = (
				en,
				Base,
			);
			mainGroup = BE32E3BC1FA1737A003FE2EE;
			productRefGroup = BE32E3C61FA1737A003FE2EE /* Products */;
			projectDirPath = "";
			projectRoot = "";
			targets = (
				BE32E3C41FA1737A003FE2EE /* add-up-meijer */,
			);
		};
/* End PBXProject section */

/* Begin PBXResourcesBuildPhase section */
		BE32E3C31FA1737A003FE2EE /* Resources */ = {
			isa = PBXResourcesBuildPhase;
			buildActionMask = 2147483647;
			files = (
				BE32E3E51FA1743B003FE2EE /* launch.png in Resources */,
				BE0B76CC1FAA4A75003F3B5D /* logo2.png in Resources */,
				BE32E3D31FA1737A003FE2EE /* LaunchScreen.storyboard in Resources */,
				BE32E3E31FA1743B003FE2EE /* background.png in Resources */,
				BE32E3D01FA1737A003FE2EE /* Assets.xcassets in Resources */,
				BE32E3E61FA1743B003FE2EE /* menu-icon.png in Resources */,
				BE32E3CE1FA1737A003FE2EE /* Main.storyboard in Resources */,
				BE32E3E41FA1743B003FE2EE /* logo.png in Resources */,
				BE32E3E11FA1743B003FE2EE /* back-icon.png in Resources */,
				BE32E3E21FA1743B003FE2EE /* trash-icon.png in Resources */,
			);
			runOnlyForDeploymentPostprocessing = 0;
		};
/* End PBXResourcesBuildPhase section */

/* Begin PBXSourcesBuildPhase section */
		BE32E3C11FA1737A003FE2EE /* Sources */ = {
			isa = PBXSourcesBuildPhase;
			buildActionMask = 2147483647;
			files = (
				BE32E3E81FA1989B003FE2EE /* TableController.swift in Sources */,
				BE32E3CB1FA1737A003FE2EE /* ViewController.swift in Sources */,
				BE32E3C91FA1737A003FE2EE /* AppDelegate.swift in Sources */,
				BE2EE32F1FA2DB8100285DBC /* Singleton.swift in Sources */,
				BE2EE32D1FA2D80000285DBC /* MichiganTaxe.swift in Sources */,
			);
			runOnlyForDeploymentPostprocessing = 0;
		};
/* End PBXSourcesBuildPhase section */

/* Begin PBXVariantGroup section */
		BE32E3CC1FA1737A003FE2EE /* Main.storyboard */ = {
			isa = PBXVariantGroup;
			children = (
				BE32E3CD1FA1737A003FE2EE /* Base */,
			);
			name = Main.storyboard;
			sourceTree = "<group>";
		};
		BE32E3D11FA1737A003FE2EE /* LaunchScreen.storyboard */ = {
			isa = PBXVariantGroup;
			children = (
				BE32E3D21FA1737A003FE2EE /* Base */,
			);
			name = LaunchScreen.storyboard;
			sourceTree = "<group>";
		};
/* End PBXVariantGroup section */

/* Begin XCBuildConfiguration section */
		BE32E3D51FA1737A003FE2EE /* Debug */ = {
			isa = XCBuildConfiguration;
			buildSettings = {
				ALWAYS_SEARCH_USER_PATHS = NO;
				CLANG_ANALYZER_NONNULL = YES;
				CLANG_ANALYZER_NUMBER_OBJECT_CONVERSION = YES_AGGRESSIVE;
				CLANG_CXX_LANGUAGE_STANDARD = "gnu++14";
				CLANG_CXX_LIBRARY = "libc++";
				CLANG_ENABLE_MODULES = YES;
				CLANG_ENABLE_OBJC_ARC = YES;
				CLANG_WARN_BLOCK_CAPTURE_AUTORELEASING = YES;
				CLANG_WARN_BOOL_CONVERSION = YES;
				CLANG_WARN_COMMA = YES;
				CLANG_WARN_CONSTANT_CONVERSION = YES;
				CLANG_WARN_DIRECT_OBJC_ISA_USAGE = YES_ERROR;
				CLANG_WARN_DOCUMENTATION_COMMENTS = YES;
				CLANG_WARN_EMPTY_BODY = YES;
				CLANG_WARN_ENUM_CONVERSION = YES;
				CLANG_WARN_INFINITE_RECURSION = YES;
				CLANG_WARN_INT_CONVERSION = YES;
				CLANG_WARN_NON_LITERAL_NULL_CONVERSION = YES;
				CLANG_WARN_OBJC_LITERAL_CONVERSION = YES;
				CLANG_WARN_OBJC_ROOT_CLASS = YES_ERROR;
				CLANG_WARN_RANGE_LOOP_ANALYSIS = YES;
				CLANG_WARN_STRICT_PROTOTYPES = YES;
				CLANG_WARN_SUSPICIOUS_MOVE = YES;
				CLANG_WARN_UNGUARDED_AVAILABILITY = YES_AGGRESSIVE;
				CLANG_WARN_UNREACHABLE_CODE = YES;
				CLANG_WARN__DUPLICATE_METHOD_MATCH = YES;
				CODE_SIGN_IDENTITY = "iPhone Developer";
				COPY_PHASE_STRIP = NO;
				DEBUG_INFORMATION_FORMAT = dwarf;
				ENABLE_STRICT_OBJC_MSGSEND = YES;
				ENABLE_TESTABILITY = YES;
				GCC_C_LANGUAGE_STANDARD = gnu11;
				GCC_DYNAMIC_NO_PIC = NO;
				GCC_NO_COMMON_BLOCKS = YES;
				GCC_OPTIMIZATION_LEVEL = 0;
				GCC_PREPROCESSOR_DEFINITIONS = (
					"DEBUG=1",
					"$(inherited)",
				);
				GCC_WARN_64_TO_32_BIT_CONVERSION = YES;
				GCC_WARN_ABOUT_RETURN_TYPE = YES_ERROR;
				GCC_WARN_UNDECLARED_SELECTOR = YES;
				GCC_WARN_UNINITIALIZED_AUTOS = YES_AGGRESSIVE;
				GCC_WARN_UNUSED_FUNCTION = YES;
				GCC_WARN_UNUSED_VARIABLE = YES;
				IPHONEOS_DEPLOYMENT_TARGET = 11.0;
				MTL_ENABLE_DEBUG_INFO = YES;
				ONLY_ACTIVE_ARCH = YES;
				SDKROOT = iphoneos;
				SWIFT_ACTIVE_COMPILATION_CONDITIONS = DEBUG;
				SWIFT_OPTIMIZATION_LEVEL = "-Onone";
			};
			name = Debug;
		};
		BE32E3D61FA1737A003FE2EE /* Release */ = {
			isa = XCBuildConfiguration;
			buildSettings = {
				ALWAYS_SEARCH_USER_PATHS = NO;
				CLANG_ANALYZER_NONNULL = YES;
				CLANG_ANALYZER_NUMBER_OBJECT_CONVERSION = YES_AGGRESSIVE;
				CLANG_CXX_LANGUAGE_STANDARD = "gnu++14";
				CLANG_CXX_LIBRARY = "libc++";
				CLANG_ENABLE_MODULES = YES;
				CLANG_ENABLE_OBJC_ARC = YES;
				CLANG_WARN_BLOCK_CAPTURE_AUTORELEASING = YES;
				CLANG_WARN_BOOL_CONVERSION = YES;
				CLANG_WARN_COMMA = YES;
				CLANG_WARN_CONSTANT_CONVERSION = YES;
				CLANG_WARN_DIRECT_OBJC_ISA_USAGE = YES_ERROR;
				CLANG_WARN_DOCUMENTATION_COMMENTS = YES;
				CLANG_WARN_EMPTY_BODY = YES;
				CLANG_WARN_ENUM_CONVERSION = YES;
				CLANG_WARN_INFINITE_RECURSION = YES;
				CLANG_WARN_INT_CONVERSION = YES;
				CLANG_WARN_NON_LITERAL_NULL_CONVERSION = YES;
				CLANG_WARN_OBJC_LITERAL_CONVERSION = YES;
				CLANG_WARN_OBJC_ROOT_CLASS = YES_ERROR;
				CLANG_WARN_RANGE_LOOP_ANALYSIS = YES;
				CLANG_WARN_STRICT_PROTOTYPES = YES;
				CLANG_WARN_SUSPICIOUS_MOVE = YES;
				CLANG_WARN_UNGUARDED_AVAILABILITY = YES_AGGRESSIVE;
				CLANG_WARN_UNREACHABLE_CODE = YES;
				CLANG_WARN__DUPLICATE_METHOD_MATCH = YES;
				CODE_SIGN_IDENTITY = "iPhone Developer";
				COPY_PHASE_STRIP = NO;
				DEBUG_INFORMATION_FORMAT = "dwarf-with-dsym";
				ENABLE_NS_ASSERTIONS = NO;
				ENABLE_STRICT_OBJC_MSGSEND = YES;
				GCC_C_LANGUAGE_STANDARD = gnu11;
				GCC_NO_COMMON_BLOCKS = YES;
				GCC_WARN_64_TO_32_BIT_CONVERSION = YES;
				GCC_WARN_ABOUT_RETURN_TYPE = YES_ERROR;
				GCC_WARN_UNDECLARED_SELECTOR = YES;
				GCC_WARN_UNINITIALIZED_AUTOS = YES_AGGRESSIVE;
				GCC_WARN_UNUSED_FUNCTION = YES;
				GCC_WARN_UNUSED_VARIABLE = YES;
				IPHONEOS_DEPLOYMENT_TARGET = 11.0;
				MTL_ENABLE_DEBUG_INFO = NO;
				SDKROOT = iphoneos;
				SWIFT_OPTIMIZATION_LEVEL = "-Owholemodule";
				VALIDATE_PRODUCT = YES;
			};
			name = Release;
		};
		BE32E3D81FA1737A003FE2EE /* Debug */ = {
			isa = XCBuildConfiguration;
			buildSettings = {
				ASSETCATALOG_COMPILER_APPICON_NAME = AppIcon;
				CODE_SIGN_STYLE = Automatic;
				DEVELOPMENT_TEAM = GSS529BVHK;
				INFOPLIST_FILE = "add-up-meijer/Info.plist";
				LD_RUNPATH_SEARCH_PATHS = "$(inherited) @executable_path/Frameworks";
				PRODUCT_BUNDLE_IDENTIFIER = "com.hpan.add-up-meijer";
				PRODUCT_NAME = "$(TARGET_NAME)";
				SWIFT_VERSION = 4.0;
				TARGETED_DEVICE_FAMILY = 1;
			};
			name = Debug;
		};
		BE32E3D91FA1737A003FE2EE /* Release */ = {
			isa = XCBuildConfiguration;
			buildSettings = {
				ASSETCATALOG_COMPILER_APPICON_NAME = AppIcon;
				CODE_SIGN_STYLE = Automatic;
				DEVELOPMENT_TEAM = GSS529BVHK;
				INFOPLIST_FILE = "add-up-meijer/Info.plist";
				LD_RUNPATH_SEARCH_PATHS = "$(inherited) @executable_path/Frameworks";
				PRODUCT_BUNDLE_IDENTIFIER = "com.hpan.add-up-meijer";
				PRODUCT_NAME = "$(TARGET_NAME)";
				SWIFT_VERSION = 4.0;
				TARGETED_DEVICE_FAMILY = 1;
			};
			name = Release;
		};
/* End XCBuildConfiguration section */

/* Begin XCConfigurationList section */
		BE32E3C01FA1737A003FE2EE /* Build configuration list for PBXProject "add-up-meijer" */ = {
			isa = XCConfigurationList;
			buildConfigurations = (
				BE32E3D51FA1737A003FE2EE /* Debug */,
				BE32E3D61FA1737A003FE2EE /* Release */,
			);
			defaultConfigurationIsVisible = 0;
			defaultConfigurationName = Release;
		};
		BE32E3D71FA1737A003FE2EE /* Build configuration list for PBXNativeTarget "add-up-meijer" */ = {
			isa = XCConfigurationList;
			buildConfigurations = (
				BE32E3D81FA1737A003FE2EE /* Debug */,
				BE32E3D91FA1737A003FE2EE /* Release */,
			);
			defaultConfigurationIsVisible = 0;
			defaultConfigurationName = Release;
		};
/* End XCConfigurationList section */
	};
	rootObject = BE32E3BD1FA1737A003FE2EE /* Project object */;
}
